
Microsoft Visual Studio Solution File, Format Version 12.00
# Visual Studio Version 17
VisualStudioVersion = 17.10.35027.167
MinimumVisualStudioVersion = 10.0.40219.1
Project("{9A19103F-16F7-4668-BE54-9A1E7A4F7556}") = "Test.Work.BooksCatalogApi", "Test.Work.BooksCatalogApi\Test.Work.BooksCatalogApi.csproj", "{A147CAB2-B671-4B39-9CB6-61164D7D0BD7}"
EndProject
Project("{9A19103F-16F7-4668-BE54-9A1E7A4F7556}") = "Test.Work.BooksCatalogApi.BLL", "Test.Work.BooksCatalogApi.BLL\Test.Work.BooksCatalogApi.BLL.csproj", "{24C8FC89-85D3-4D9C-A5F4-7837C992ECCC}"
EndProject
Project("{9A19103F-16F7-4668-BE54-9A1E7A4F7556}") = "Test.Work.BooksCatalogApi.Database", "Test.Work.BooksCatalogApi.Database\Test.Work.BooksCatalogApi.Database.csproj", "{69955B59-2910-44BF-8C90-6D16BEA8E179}"
EndProject
Project("{9A19103F-16F7-4668-BE54-9A1E7A4F7556}") = "Test.Work.BooksCatalogApi.Contracts", "Test.Work.BooksCatalogApi.Contract\Test.Work.BooksCatalogApi.Contracts.csproj", "{91954301-B9DF-4BD1-988E-E6ED70739956}"
EndProject
Project("{9A19103F-16F7-4668-BE54-9A1E7A4F7556}") = "Test.Work.BooksCatalogApi.Migrator", "Test.Work.BooksCatalogApi.Migrator\Test.Work.BooksCatalogApi.Migrator.csproj", "{BAEF15C6-9A2A-4C31-9EA1-C88A3A2977EE}"
EndProject
Global
	GlobalSection(SolutionConfigurationPlatforms) = preSolution
		Debug|Any CPU = Debug|Any CPU
		Release|Any CPU = Release|Any CPU
	EndGlobalSection
	GlobalSection(ProjectConfigurationPlatforms) = postSolution
		{A147CAB2-B671-4B39-9CB6-61164D7D0BD7}.Debug|Any CPU.ActiveCfg = Debug|Any CPU
		{A147CAB2-B671-4B39-9CB6-61164D7D0BD7}.Debug|Any CPU.Build.0 = Debug|Any CPU
		{A147CAB2-B671-4B39-9CB6-61164D7D0BD7}.Release|Any CPU.ActiveCfg = Release|Any CPU
		{A147CAB2-B671-4B39-9CB6-61164D7D0BD7}.Release|Any CPU.Build.0 = Release|Any CPU
		{24C8FC89-85D3-4D9C-A5F4-7837C992ECCC}.Debug|Any CPU.ActiveCfg = Debug|Any CPU
		{24C8FC89-85D3-4D9C-A5F4-7837C992ECCC}.Debug|Any CPU.Build.0 = Debug|Any CPU
		{24C8FC89-85D3-4D9C-A5F4-7837C992ECCC}.Release|Any CPU.ActiveCfg = Release|Any CPU
		{24C8FC89-85D3-4D9C-A5F4-7837C992ECCC}.Release|Any CPU.Build.0 = Release|Any CPU
		{69955B59-2910-44BF-8C90-6D16BEA8E179}.Debug|Any CPU.ActiveCfg = Debug|Any CPU
		{69955B59-2910-44BF-8C90-6D16BEA8E179}.Debug|Any CPU.Build.0 = Debug|Any CPU
		{69955B59-2910-44BF-8C90-6D16BEA8E179}.Release|Any CPU.ActiveCfg = Release|Any CPU
		{69955B59-2910-44BF-8C90-6D16BEA8E179}.Release|Any CPU.Build.0 = Release|Any CPU
		{91954301-B9DF-4BD1-988E-E6ED70739956}.Debug|Any CPU.ActiveCfg = Debug|Any CPU
		{91954301-B9DF-4BD1-988E-E6ED70739956}.Debug|Any CPU.Build.0 = Debug|Any CPU
		{91954301-B9DF-4BD1-988E-E6ED70739956}.Release|Any CPU.ActiveCfg = Release|Any CPU
		{91954301-B9DF-4BD1-988E-E6ED70739956}.Release|Any CPU.Build.0 = Release|Any CPU
		{BAEF15C6-9A2A-4C31-9EA1-C88A3A2977EE}.Debug|Any CPU.ActiveCfg = Debug|Any CPU
		{BAEF15C6-9A2A-4C31-9EA1-C88A3A2977EE}.Debug|Any CPU.Build.0 = Debug|Any CPU
		{BAEF15C6-9A2A-4C31-9EA1-C88A3A2977EE}.Release|Any CPU.ActiveCfg = Release|Any CPU
		{BAEF15C6-9A2A-4C31-9EA1-C88A3A2977EE}.Release|Any CPU.Build.0 = Release|Any CPU
	EndGlobalSection
	GlobalSection(SolutionProperties) = preSolution
		HideSolutionNode = FALSE
	EndGlobalSection
	GlobalSection(ExtensibilityGlobals) = postSolution
		SolutionGuid = {D651108D-83A9-4088-ACDF-A2BE43C2A8AA}
	EndGlobalSection
EndGlobal
